// !$*UTF8*$!
{
	archiveVersion = 1;
	classes = {
	};
	objectVersion = 46;
	objects = {

/* Begin PBXBuildFile section */
		B500C5D01CC7E876005BA136 /* main.m in Sources */ = {isa = PBXBuildFile; fileRef = B500C5CF1CC7E876005BA136 /* main.m */; };
		B500C5D31CC7E876005BA136 /* AppDelegate.m in Sources */ = {isa = PBXBuildFile; fileRef = B500C5D21CC7E876005BA136 /* AppDelegate.m */; };
		B500C5D61CC7E876005BA136 /* ViewController.m in Sources */ = {isa = PBXBuildFile; fileRef = B500C5D51CC7E876005BA136 /* ViewController.m */; };
		B500C5D91CC7E876005BA136 /* Main.storyboard in Resources */ = {isa = PBXBuildFile; fileRef = B500C5D71CC7E876005BA136 /* Main.storyboard */; };
		B500C5DB1CC7E876005BA136 /* Assets.xcassets in Resources */ = {isa = PBXBuildFile; fileRef = B500C5DA1CC7E876005BA136 /* Assets.xcassets */; };
		B500C5DE1CC7E876005BA136 /* LaunchScreen.storyboard in Resources */ = {isa = PBXBuildFile; fileRef = B500C5DC1CC7E876005BA136 /* LaunchScreen.storyboard */; };
		B500C5E91CC7E876005BA136 /* RPNCalculatorTests.m in Sources */ = {isa = PBXBuildFile; fileRef = B500C5E81CC7E876005BA136 /* RPNCalculatorTests.m */; };
		B500C5F41CC7E876005BA136 /* RPNCalculatorUITests.m in Sources */ = {isa = PBXBuildFile; fileRef = B500C5F31CC7E876005BA136 /* RPNCalculatorUITests.m */; };
/* End PBXBuildFile section */

/* Begin PBXContainerItemProxy section */
		B500C5E51CC7E876005BA136 /* PBXContainerItemProxy */ = {
			isa = PBXContainerItemProxy;
			containerPortal = B500C5C31CC7E876005BA136 /* Project object */;
			proxyType = 1;
			remoteGlobalIDString = B500C5CA1CC7E876005BA136;
			remoteInfo = RPNCalculator;
		};
		B500C5F01CC7E876005BA136 /* PBXContainerItemProxy */ = {
			isa = PBXContainerItemProxy;
			containerPortal = B500C5C31CC7E876005BA136 /* Project object */;
			proxyType = 1;
			remoteGlobalIDString = B500C5CA1CC7E876005BA136;
			remoteInfo = RPNCalculator;
		};
/* End PBXContainerItemProxy section */

/* Begin PBXFileReference section */
		B500C5CB1CC7E876005BA136 /* RPNCalculator.app */ = {isa = PBXFileReference; explicitFileType = wrapper.application; includeInIndex = 0; path = RPNCalculator.app; sourceTree = BUILT_PRODUCTS_DIR; };
		B500C5CF1CC7E876005BA136 /* main.m */ = {isa = PBXFileReference; lastKnownFileType = sourcecode.c.objc; path = main.m; sourceTree = "<group>"; };
		B500C5D11CC7E876005BA136 /* AppDelegate.h */ = {isa = PBXFileReference; lastKnownFileType = sourcecode.c.h; path = AppDelegate.h; sourceTree = "<group>"; };
		B500C5D21CC7E876005BA136 /* AppDelegate.m */ = {isa = PBXFileReference; lastKnownFileType = sourcecode.c.objc; path = AppDelegate.m; sourceTree = "<group>"; };
		B500C5D41CC7E876005BA136 /* ViewController.h */ = {isa = PBXFileReference; lastKnownFileType = sourcecode.c.h; path = ViewController.h; sourceTree = "<group>"; };
		B500C5D51CC7E876005BA136 /* ViewController.m */ = {isa = PBXFileReference; lastKnownFileType = sourcecode.c.objc; path = ViewController.m; sourceTree = "<group>"; };
		B500C5D81CC7E876005BA136 /* Base */ = {isa = PBXFileReference; lastKnownFileType = file.storyboard; name = Base; path = Base.lproj/Main.storyboard; sourceTree = "<group>"; };
		B500C5DA1CC7E876005BA136 /* Assets.xcassets */ = {isa = PBXFileReference; lastKnownFileType = folder.assetcatalog; path = Assets.xcassets; sourceTree = "<group>"; };
		B500C5DD1CC7E876005BA136 /* Base */ = {isa = PBXFileReference; lastKnownFileType = file.storyboard; name = Base; path = Base.lproj/LaunchScreen.storyboard; sourceTree = "<group>"; };
		B500C5DF1CC7E876005BA136 /* Info.plist */ = {isa = PBXFileReference; lastKnownFileType = text.plist.xml; path = Info.plist; sourceTree = "<group>"; };
		B500C5E41CC7E876005BA136 /* RPNCalculatorTests.xctest */ = {isa = PBXFileReference; explicitFileType = wrapper.cfbundle; includeInIndex = 0; path = RPNCalculatorTests.xctest; sourceTree = BUILT_PRODUCTS_DIR; };
		B500C5E81CC7E876005BA136 /* RPNCalculatorTests.m */ = {isa = PBXFileReference; lastKnownFileType = sourcecode.c.objc; path = RPNCalculatorTests.m; sourceTree = "<group>"; };
		B500C5EA1CC7E876005BA136 /* Info.plist */ = {isa = PBXFileReference; lastKnownFileType = text.plist.xml; path = Info.plist; sourceTree = "<group>"; };
		B500C5EF1CC7E876005BA136 /* RPNCalculatorUITests.xctest */ = {isa = PBXFileReference; explicitFileType = wrapper.cfbundle; includeInIndex = 0; path = RPNCalculatorUITests.xctest; sourceTree = BUILT_PRODUCTS_DIR; };
		B500C5F31CC7E876005BA136 /* RPNCalculatorUITests.m */ = {isa = PBXFileReference; lastKnownFileType = sourcecode.c.objc; path = RPNCalculatorUITests.m; sourceTree = "<group>"; };
		B500C5F51CC7E876005BA136 /* Info.plist */ = {isa = PBXFileReference; lastKnownFileType = text.plist.xml; path = Info.plist; sourceTree = "<group>"; };
/* End PBXFileReference section */

/* Begin PBXFrameworksBuildPhase section */
		B500C5C81CC7E876005BA136 /* Frameworks */ = {
			isa = PBXFrameworksBuildPhase;
			buildActionMask = 2147483647;
			files = (
			);
			runOnlyForDeploymentPostprocessing = 0;
		};
		B500C5E11CC7E876005BA136 /* Frameworks */ = {
			isa = PBXFrameworksBuildPhase;
			buildActionMask = 2147483647;
			files = (
			);
			runOnlyForDeploymentPostprocessing = 0;
		};
		B500C5EC1CC7E876005BA136 /* Frameworks */ = {
			isa = PBXFrameworksBuildPhase;
			buildActionMask = 2147483647;
			files = (
			);
			runOnlyForDeploymentPostprocessing = 0;
		};
/* End PBXFrameworksBuildPhase section */

/* Begin PBXGroup section */
		B500C5C21CC7E876005BA136 = {
			isa = PBXGroup;
			children = (
				B500C5CD1CC7E876005BA136 /* RPNCalculator */,
				B500C5E71CC7E876005BA136 /* RPNCalculatorTests */,
				B500C5F21CC7E876005BA136 /* RPNCalculatorUITests */,
				B500C5CC1CC7E876005BA136 /* Products */,
			);
			sourceTree = "<group>";
		};
		B500C5CC1CC7E876005BA136 /* Products */ = {
			isa = PBXGroup;
			children = (
				B500C5CB1CC7E876005BA136 /* RPNCalculator.app */,
				B500C5E41CC7E876005BA136 /* RPNCalculatorTests.xctest */,
				B500C5EF1CC7E876005BA136 /* RPNCalculatorUITests.xctest */,
			);
			name = Products;
			sourceTree = "<group>";
		};
		B500C5CD1CC7E876005BA136 /* RPNCalculator */ = {
			isa = PBXGroup;
			children = (
				B500C5D11CC7E876005BA136 /* AppDelegate.h */,
				B500C5D21CC7E876005BA136 /* AppDelegate.m */,
				B500C5D41CC7E876005BA136 /* ViewController.h */,
				B500C5D51CC7E876005BA136 /* ViewController.m */,
				B500C5D71CC7E876005BA136 /* Main.storyboard */,
				B500C5DA1CC7E876005BA136 /* Assets.xcassets */,
				B500C5DC1CC7E876005BA136 /* LaunchScreen.storyboard */,
				B500C5DF1CC7E876005BA136 /* Info.plist */,
				B500C5CE1CC7E876005BA136 /* Supporting Files */,
			);
			path = RPNCalculator;
			sourceTree = "<group>";
		};
		B500C5CE1CC7E876005BA136 /* Supporting Files */ = {
			isa = PBXGroup;
			children = (
				B500C5CF1CC7E876005BA136 /* main.m */,
			);
			name = "Supporting Files";
			sourceTree = "<group>";
		};
		B500C5E71CC7E876005BA136 /* RPNCalculatorTests */ = {
			isa = PBXGroup;
			children = (
				B500C5E81CC7E876005BA136 /* RPNCalculatorTests.m */,
				B500C5EA1CC7E876005BA136 /* Info.plist */,
			);
			path = RPNCalculatorTests;
			sourceTree = "<group>";
		};
		B500C5F21CC7E876005BA136 /* RPNCalculatorUITests */ = {
			isa = PBXGroup;
			children = (
				B500C5F31CC7E876005BA136 /* RPNCalculatorUITests.m */,
				B500C5F51CC7E876005BA136 /* Info.plist */,
			);
			path = RPNCalculatorUITests;
			sourceTree = "<group>";
		};
/* End PBXGroup section */

/* Begin PBXNativeTarget section */
		B500C5CA1CC7E876005BA136 /* RPNCalculator */ = {
			isa = PBXNativeTarget;
			buildConfigurationList = B500C5F81CC7E876005BA136 /* Build configuration list for PBXNativeTarget "RPNCalculator" */;
			buildPhases = (
				B500C5C71CC7E876005BA136 /* Sources */,
				B500C5C81CC7E876005BA136 /* Frameworks */,
				B500C5C91CC7E876005BA136 /* Resources */,
			);
			buildRules = (
			);
			dependencies = (
			);
			name = RPNCalculator;
			productName = RPNCalculator;
			productReference = B500C5CB1CC7E876005BA136 /* RPNCalculator.app */;
			productType = "com.apple.product-type.application";
		};
		B500C5E31CC7E876005BA136 /* RPNCalculatorTests */ = {
			isa = PBXNativeTarget;
			buildConfigurationList = B500C5FB1CC7E876005BA136 /* Build configuration list for PBXNativeTarget "RPNCalculatorTests" */;
			buildPhases = (
				B500C5E01CC7E876005BA136 /* Sources */,
				B500C5E11CC7E876005BA136 /* Frameworks */,
				B500C5E21CC7E876005BA136 /* Resources */,
			);
			buildRules = (
			);
			dependencies = (
				B500C5E61CC7E876005BA136 /* PBXTargetDependency */,
			);
			name = RPNCalculatorTests;
			productName = RPNCalculatorTests;
			productReference = B500C5E41CC7E876005BA136 /* RPNCalculatorTests.xctest */;
			productType = "com.apple.product-type.bundle.unit-test";
		};
		B500C5EE1CC7E876005BA136 /* RPNCalculatorUITests */ = {
			isa = PBXNativeTarget;
			buildConfigurationList = B500C5FE1CC7E876005BA136 /* Build configuration list for PBXNativeTarget "RPNCalculatorUITests" */;
			buildPhases = (
				B500C5EB1CC7E876005BA136 /* Sources */,
				B500C5EC1CC7E876005BA136 /* Frameworks */,
				B500C5ED1CC7E876005BA136 /* Resources */,
			);
			buildRules = (
			);
			dependencies = (
				B500C5F11CC7E876005BA136 /* PBXTargetDependency */,
			);
			name = RPNCalculatorUITests;
			productName = RPNCalculatorUITests;
			productReference = B500C5EF1CC7E876005BA136 /* RPNCalculatorUITests.xctest */;
			productType = "com.apple.product-type.bundle.ui-testing";
		};
/* End PBXNativeTarget section */

/* Begin PBXProject section */
		B500C5C31CC7E876005BA136 /* Project object */ = {
			isa = PBXProject;
			attributes = {
				LastUpgradeCheck = 0730;
				ORGANIZATIONNAME = Favio;
				TargetAttributes = {
					B500C5CA1CC7E876005BA136 = {
						CreatedOnToolsVersion = 7.3;
					};
					B500C5E31CC7E876005BA136 = {
						CreatedOnToolsVersion = 7.3;
						TestTargetID = B500C5CA1CC7E876005BA136;
					};
					B500C5EE1CC7E876005BA136 = {
						CreatedOnToolsVersion = 7.3;
						TestTargetID = B500C5CA1CC7E876005BA136;
					};
				};
			};
			buildConfigurationList = B500C5C61CC7E876005BA136 /* Build configuration list for PBXProject "RPNCalculator" */;
			compatibilityVersion = "Xcode 3.2";
			developmentRegion = English;
			hasScannedForEncodings = 0;
			knownRegions = (
				en,
				Base,
			);
			mainGroup = B500C5C21CC7E876005BA136;
			productRefGroup = B500C5CC1CC7E876005BA136 /* Products */;
			projectDirPath = "";
			projectRoot = "";
			targets = (
				B500C5CA1CC7E876005BA136 /* RPNCalculator */,
				B500C5E31CC7E876005BA136 /* RPNCalculatorTests */,
				B500C5EE1CC7E876005BA136 /* RPNCalculatorUITests */,
			);
		};
/* End PBXProject section */

/* Begin PBXResourcesBuildPhase section */
		B500C5C91CC7E876005BA136 /* Resources */ = {
			isa = PBXResourcesBuildPhase;
			buildActionMask = 2147483647;
			files = (
				B500C5DE1CC7E876005BA136 /* LaunchScreen.storyboard in Resources */,
				B500C5DB1CC7E876005BA136 /* Assets.xcassets in Resources */,
				B500C5D91CC7E876005BA136 /* Main.storyboard in Resources */,
			);
			runOnlyForDeploymentPostprocessing = 0;
		};
		B500C5E21CC7E876005BA136 /* Resources */ = {
			isa = PBXResourcesBuildPhase;
			buildActionMask = 2147483647;
			files = (
			);
			runOnlyForDeploymentPostprocessing = 0;
		};
		B500C5ED1CC7E876005BA136 /* Resources */ = {
			isa = PBXResourcesBuildPhase;
			buildActionMask = 2147483647;
			files = (
			);
			runOnlyForDeploymentPostprocessing = 0;
		};
/* End PBXResourcesBuildPhase section */

/* Begin PBXSourcesBuildPhase section */
		B500C5C71CC7E876005BA136 /* Sources */ = {
			isa = PBXSourcesBuildPhase;
			buildActionMask = 2147483647;
			files = (
				B500C5D61CC7E876005BA136 /* ViewController.m in Sources */,
				B500C5D31CC7E876005BA136 /* AppDelegate.m in Sources */,
				B500C5D01CC7E876005BA136 /* main.m in Sources */,
			);
			runOnlyForDeploymentPostprocessing = 0;
		};
		B500C5E01CC7E876005BA136 /* Sources */ = {
			isa = PBXSourcesBuildPhase;
			buildActionMask = 2147483647;
			files = (
				B500C5E91CC7E876005BA136 /* RPNCalculatorTests.m in Sources */,
			);
			runOnlyForDeploymentPostprocessing = 0;
		};
		B500C5EB1CC7E876005BA136 /* Sources */ = {
			isa = PBXSourcesBuildPhase;
			buildActionMask = 2147483647;
			files = (
				B500C5F41CC7E876005BA136 /* RPNCalculatorUITests.m in Sources */,
			);
			runOnlyForDeploymentPostprocessing = 0;
		};
/* End PBXSourcesBuildPhase section */

/* Begin PBXTargetDependency section */
		B500C5E61CC7E876005BA136 /* PBXTargetDependency */ = {
			isa = PBXTargetDependency;
			target = B500C5CA1CC7E876005BA136 /* RPNCalculator */;
			targetProxy = B500C5E51CC7E876005BA136 /* PBXContainerItemProxy */;
		};
		B500C5F11CC7E876005BA136 /* PBXTargetDependency */ = {
			isa = PBXTargetDependency;
			target = B500C5CA1CC7E876005BA136 /* RPNCalculator */;
			targetProxy = B500C5F01CC7E876005BA136 /* PBXContainerItemProxy */;
		};
/* End PBXTargetDependency section */

/* Begin PBXVariantGroup section */
		B500C5D71CC7E876005BA136 /* Main.storyboard */ = {
			isa = PBXVariantGroup;
			children = (
				B500C5D81CC7E876005BA136 /* Base */,
			);
			name = Main.storyboard;
			sourceTree = "<group>";
		};
		B500C5DC1CC7E876005BA136 /* LaunchScreen.storyboard */ = {
			isa = PBXVariantGroup;
			children = (
				B500C5DD1CC7E876005BA136 /* Base */,
			);
			name = LaunchScreen.storyboard;
			sourceTree = "<group>";
		};
/* End PBXVariantGroup section */

/* Begin XCBuildConfiguration section */
		B500C5F61CC7E876005BA136 /* Debug */ = {
			isa = XCBuildConfiguration;
			buildSettings = {
				ALWAYS_SEARCH_USER_PATHS = NO;
				CLANG_ANALYZER_NONNULL = YES;
				CLANG_CXX_LANGUAGE_STANDARD = "gnu++0x";
				CLANG_CXX_LIBRARY = "libc++";
				CLANG_ENABLE_MODULES = YES;
				CLANG_ENABLE_OBJC_ARC = YES;
				CLANG_WARN_BOOL_CONVERSION = YES;
				CLANG_WARN_CONSTANT_CONVERSION = YES;
				CLANG_WARN_DIRECT_OBJC_ISA_USAGE = YES_ERROR;
				CLANG_WARN_EMPTY_BODY = YES;
				CLANG_WARN_ENUM_CONVERSION = YES;
				CLANG_WARN_INT_CONVERSION = YES;
				CLANG_WARN_OBJC_ROOT_CLASS = YES_ERROR;
				CLANG_WARN_UNREACHABLE_CODE = YES;
				CLANG_WARN__DUPLICATE_METHOD_MATCH = YES;
				"CODE_SIGN_IDENTITY[sdk=iphoneos*]" = "iPhone Developer";
				COPY_PHASE_STRIP = NO;
				DEBUG_INFORMATION_FORMAT = dwarf;
				ENABLE_STRICT_OBJC_MSGSEND = YES;
				ENABLE_TESTABILITY = YES;
				GCC_C_LANGUAGE_STANDARD = gnu99;
				GCC_DYNAMIC_NO_PIC = NO;
				GCC_NO_COMMON_BLOCKS = YES;
				GCC_OPTIMIZATION_LEVEL = 0;
				GCC_PREPROCESSOR_DEFINITIONS = (
					"DEBUG=1",
					"$(inherited)",
				);
				GCC_WARN_64_TO_32_BIT_CONVERSION = YES;
				GCC_WARN_ABOUT_RETURN_TYPE = YES_ERROR;
				GCC_WARN_UNDECLARED_SELECTOR = YES;
				GCC_WARN_UNINITIALIZED_AUTOS = YES_AGGRESSIVE;
				GCC_WARN_UNUSED_FUNCTION = YES;
				GCC_WARN_UNUSED_VARIABLE = YES;
				IPHONEOS_DEPLOYMENT_TARGET = 9.3;
				MTL_ENABLE_DEBUG_INFO = YES;
				ONLY_ACTIVE_ARCH = YES;
				SDKROOT = iphoneos;
				TARGETED_DEVICE_FAMILY = "1,2";
			};
			name = Debug;
		};
		B500C5F71CC7E876005BA136 /* Release */ = {
			isa = XCBuildConfiguration;
			buildSettings = {
				ALWAYS_SEARCH_USER_PATHS = NO;
				CLANG_ANALYZER_NONNULL = YES;
				CLANG_CXX_LANGUAGE_STANDARD = "gnu++0x";
				CLANG_CXX_LIBRARY = "libc++";
				CLANG_ENABLE_MODULES = YES;
				CLANG_ENABLE_OBJC_ARC = YES;
				CLANG_WARN_BOOL_CONVERSION = YES;
				CLANG_WARN_CONSTANT_CONVERSION = YES;
				CLANG_WARN_DIRECT_OBJC_ISA_USAGE = YES_ERROR;
				CLANG_WARN_EMPTY_BODY = YES;
				CLANG_WARN_ENUM_CONVERSION = YES;
				CLANG_WARN_INT_CONVERSION = YES;
				CLANG_WARN_OBJC_ROOT_CLASS = YES_ERROR;
				CLANG_WARN_UNREACHABLE_CODE = YES;
				CLANG_WARN__DUPLICATE_METHOD_MATCH = YES;
				"CODE_SIGN_IDENTITY[sdk=iphoneos*]" = "iPhone Developer";
				COPY_PHASE_STRIP = NO;
				DEBUG_INFORMATION_FORMAT = "dwarf-with-dsym";
				ENABLE_NS_ASSERTIONS = NO;
				ENABLE_STRICT_OBJC_MSGSEND = YES;
				GCC_C_LANGUAGE_STANDARD = gnu99;
				GCC_NO_COMMON_BLOCKS = YES;
				GCC_WARN_64_TO_32_BIT_CONVERSION = YES;
				GCC_WARN_ABOUT_RETURN_TYPE = YES_ERROR;
				GCC_WARN_UNDECLARED_SELECTOR = YES;
				GCC_WARN_UNINITIALIZED_AUTOS = YES_AGGRESSIVE;
				GCC_WARN_UNUSED_FUNCTION = YES;
				GCC_WARN_UNUSED_VARIABLE = YES;
				IPHONEOS_DEPLOYMENT_TARGET = 9.3;
				MTL_ENABLE_DEBUG_INFO = NO;
				SDKROOT = iphoneos;
				TARGETED_DEVICE_FAMILY = "1,2";
				VALIDATE_PRODUCT = YES;
			};
			name = Release;
		};
		B500C5F91CC7E876005BA136 /* Debug */ = {
			isa = XCBuildConfiguration;
			buildSettings = {
				ASSETCATALOG_COMPILER_APPICON_NAME = AppIcon;
				INFOPLIST_FILE = RPNCalculator/Info.plist;
				LD_RUNPATH_SEARCH_PATHS = "$(inherited) @executable_path/Frameworks";
				PRODUCT_BUNDLE_IDENTIFIER = EPITA.RPNCalculator;
				PRODUCT_NAME = "$(TARGET_NAME)";
			};
			name = Debug;
		};
		B500C5FA1CC7E876005BA136 /* Release */ = {
			isa = XCBuildConfiguration;
			buildSettings = {
				ASSETCATALOG_COMPILER_APPICON_NAME = AppIcon;
				INFOPLIST_FILE = RPNCalculator/Info.plist;
				LD_RUNPATH_SEARCH_PATHS = "$(inherited) @executable_path/Frameworks";
				PRODUCT_BUNDLE_IDENTIFIER = EPITA.RPNCalculator;
				PRODUCT_NAME = "$(TARGET_NAME)";
			};
			name = Release;
		};
		B500C5FC1CC7E876005BA136 /* Debug */ = {
			isa = XCBuildConfiguration;
			buildSettings = {
				BUNDLE_LOADER = "$(TEST_HOST)";
				INFOPLIST_FILE = RPNCalculatorTests/Info.plist;
				LD_RUNPATH_SEARCH_PATHS = "$(inherited) @executable_path/Frameworks @loader_path/Frameworks";
				PRODUCT_BUNDLE_IDENTIFIER = EPITA.RPNCalculatorTests;
				PRODUCT_NAME = "$(TARGET_NAME)";
				TEST_HOST = "$(BUILT_PRODUCTS_DIR)/RPNCalculator.app/RPNCalculator";
			};
			name = Debug;
		};
		B500C5FD1CC7E876005BA136 /* Release */ = {
			isa = XCBuildConfiguration;
			buildSettings = {
				BUNDLE_LOADER = "$(TEST_HOST)";
				INFOPLIST_FILE = RPNCalculatorTests/Info.plist;
				LD_RUNPATH_SEARCH_PATHS = "$(inherited) @executable_path/Frameworks @loader_path/Frameworks";
				PRODUCT_BUNDLE_IDENTIFIER = EPITA.RPNCalculatorTests;
				PRODUCT_NAME = "$(TARGET_NAME)";
				TEST_HOST = "$(BUILT_PRODUCTS_DIR)/RPNCalculator.app/RPNCalculator";
			};
			name = Release;
		};
		B500C5FF1CC7E876005BA136 /* Debug */ = {
			isa = XCBuildConfiguration;
			buildSettings = {
				INFOPLIST_FILE = RPNCalculatorUITests/Info.plist;
				LD_RUNPATH_SEARCH_PATHS = "$(inherited) @executable_path/Frameworks @loader_path/Frameworks";
				PRODUCT_BUNDLE_IDENTIFIER = EPITA.RPNCalculatorUITests;
				PRODUCT_NAME = "$(TARGET_NAME)";
				TEST_TARGET_NAME = RPNCalculator;
			};
			name = Debug;
		};
		B500C6001CC7E876005BA136 /* Release */ = {
			isa = XCBuildConfiguration;
			buildSettings = {
				INFOPLIST_FILE = RPNCalculatorUITests/Info.plist;
				LD_RUNPATH_SEARCH_PATHS = "$(inherited) @executable_path/Frameworks @loader_path/Frameworks";
				PRODUCT_BUNDLE_IDENTIFIER = EPITA.RPNCalculatorUITests;
				PRODUCT_NAME = "$(TARGET_NAME)";
				TEST_TARGET_NAME = RPNCalculator;
			};
			name = Release;
		};
/* End XCBuildConfiguration section */

/* Begin XCConfigurationList section */
		B500C5C61CC7E876005BA136 /* Build configuration list for PBXProject "RPNCalculator" */ = {
			isa = XCConfigurationList;
			buildConfigurations = (
				B500C5F61CC7E876005BA136 /* Debug */,
				B500C5F71CC7E876005BA136 /* Release */,
			);
			defaultConfigurationIsVisible = 0;
			defaultConfigurationName = Release;
		};
		B500C5F81CC7E876005BA136 /* Build configuration list for PBXNativeTarget "RPNCalculator" */ = {
			isa = XCConfigurationList;
			buildConfigurations = (
				B500C5F91CC7E876005BA136 /* Debug */,
				B500C5FA1CC7E876005BA136 /* Release */,
			);
			defaultConfigurationIsVisible = 0;
		};
		B500C5FB1CC7E876005BA136 /* Build configuration list for PBXNativeTarget "RPNCalculatorTests" */ = {
			isa = XCConfigurationList;
			buildConfigurations = (
				B500C5FC1CC7E876005BA136 /* Debug */,
				B500C5FD1CC7E876005BA136 /* Release */,
			);
			defaultConfigurationIsVisible = 0;
		};
		B500C5FE1CC7E876005BA136 /* Build configuration list for PBXNativeTarget "RPNCalculatorUITests" */ = {
			isa = XCConfigurationList;
			buildConfigurations = (
				B500C5FF1CC7E876005BA136 /* Debug */,
				B500C6001CC7E876005BA136 /* Release */,
			);
			defaultConfigurationIsVisible = 0;
		};
/* End XCConfigurationList section */
	};
	rootObject = B500C5C31CC7E876005BA136 /* Project object */;
}
